
Microsoft Visual Studio Solution File, Format Version 12.00
# Visual Studio Version 16
VisualStudioVersion = 16.0.30907.101
MinimumVisualStudioVersion = 10.0.40219.1
Project("{FAE04EC0-301F-11D3-BF4B-00C04F79EFBC}") = "DocumentManagementWeb", "DocumentManagementWeb\DocumentManagementWeb.csproj", "{B53885EA-D6A0-4067-9C43-1472F5D11663}"
EndProject
Project("{FAE04EC0-301F-11D3-BF4B-00C04F79EFBC}") = "DocumentManagementApi", "DocumentManagementApi\DocumentManagementApi.csproj", "{DDE45605-CD4C-49D2-A368-E35982E37A00}"
EndProject
Global
	GlobalSection(SolutionConfigurationPlatforms) = preSolution
		Debug|Any CPU = Debug|Any CPU
		Release|Any CPU = Release|Any CPU
	EndGlobalSection
	GlobalSection(ProjectConfigurationPlatforms) = postSolution
		{B53885EA-D6A0-4067-9C43-1472F5D11663}.Debug|Any CPU.ActiveCfg = Debug|Any CPU
		{B53885EA-D6A0-4067-9C43-1472F5D11663}.Debug|Any CPU.Build.0 = Debug|Any CPU
		{B53885EA-D6A0-4067-9C43-1472F5D11663}.Release|Any CPU.ActiveCfg = Release|Any CPU
		{B53885EA-D6A0-4067-9C43-1472F5D11663}.Release|Any CPU.Build.0 = Release|Any CPU
		{DDE45605-CD4C-49D2-A368-E35982E37A00}.Debug|Any CPU.ActiveCfg = Debug|Any CPU
		{DDE45605-CD4C-49D2-A368-E35982E37A00}.Debug|Any CPU.Build.0 = Debug|Any CPU
		{DDE45605-CD4C-49D2-A368-E35982E37A00}.Release|Any CPU.ActiveCfg = Release|Any CPU
		{DDE45605-CD4C-49D2-A368-E35982E37A00}.Release|Any CPU.Build.0 = Release|Any CPU
	EndGlobalSection
	GlobalSection(SolutionProperties) = preSolution
		HideSolutionNode = FALSE
	EndGlobalSection
	GlobalSection(ExtensibilityGlobals) = postSolution
		SolutionGuid = {BC3D2E15-AED5-4DE2-AD75-FBDF2F718564}
	EndGlobalSection
EndGlobal
